{
  "lockfileVersion": 1,
  "configVersion": 0,
  "workspaces": {
    "": {
      "dependencies": {
        "@typescript/native-preview": "7.0.0-dev.20260204.1",
        "@vtsls/language-server": "0.3.0",
        "vscode-langservers-extracted": "4.10.0",
        "yaml-language-server": "1.19.2",
      },
    },
  },
  "packages": {
    "@typescript/native-preview": ["@typescript/native-preview@7.0.0-dev.20260204.1", "", { "optionalDependencies": { "@typescript/native-preview-darwin-arm64": "7.0.0-dev.20260204.1", "@typescript/native-preview-darwin-x64": "7.0.0-dev.20260204.1", "@typescript/native-preview-linux-arm": "7.0.0-dev.20260204.1", "@typescript/native-preview-linux-arm64": "7.0.0-dev.20260204.1", "@typescript/native-preview-linux-x64": "7.0.0-dev.20260204.1", "@typescript/native-preview-win32-arm64": "7.0.0-dev.20260204.1", "@typescript/native-preview-win32-x64": "7.0.0-dev.20260204.1" }, "bin": { "tsgo": "bin/tsgo.js" } }, "sha512-o1R4QGAjCWG0LOqpDOBuH9H+BgaM+7Ps8AuvHJkf4V1tmTFqeGMXGNbv02f3HQIZiI3KMqsRGoBGe/LvCc4SFg=="],

    "@typescript/native-preview-darwin-arm64": ["@typescript/native-preview-darwin-arm64@7.0.0-dev.20260204.1", "", { "os": "darwin", "cpu": "arm64" }, "sha512-wdUsNaGGxAPPR5ySjtT7UBVV9Elapnt5dCnDIzxtZCGgO25VBo6SFS+BvIyHyq2tZd1pj800QWyeRz5mYyackg=="],

    "@typescript/native-preview-darwin-x64": ["@typescript/native-preview-darwin-x64@7.0.0-dev.20260204.1", "", { "os": "darwin", "cpu": "x64" }, "sha512-U7Y3pWqkw1lypy4fG2WyvU7X5k7z1DjyvWQui4kyM4uRgdHQSZvdUe5ZF1iiYyhI2wcGkkO4dHf7IZkL55Z+Gw=="],

    "@typescript/native-preview-linux-arm": ["@typescript/native-preview-linux-arm@7.0.0-dev.20260204.1", "", { "os": "linux", "cpu": "arm" }, "sha512-7fd0o+w5JBBzfzPyli6mr3NUbVGsKN9l8smAU2BQHLnMa6P950ixfP6mVc8p9RXDqerAjlgl/HQptYyYUueeZQ=="],

    "@typescript/native-preview-linux-arm64": ["@typescript/native-preview-linux-arm64@7.0.0-dev.20260204.1", "", { "os": "linux", "cpu": "arm64" }, "sha512-yUrJnzXGXB7IO/mwWsmAnHngpry3hsRlFstIbEx+HKrX2cUR6A6+GMQaP4wyvPQ9qhriA/+uKTPtbkh4B15DrA=="],

    "@typescript/native-preview-linux-x64": ["@typescript/native-preview-linux-x64@7.0.0-dev.20260204.1", "", { "os": "linux", "cpu": "x64" }, "sha512-OySOCSzlBpDW5sB9ttpC7QU4igM0x/H8qvdtfTLkV0v5l/qMfU12b0KJFo5DdTSnKomTLvfmfvHlSQ+GHVF5pQ=="],

    "@typescript/native-preview-win32-arm64": ["@typescript/native-preview-win32-arm64@7.0.0-dev.20260204.1", "", { "os": "win32", "cpu": "arm64" }, "sha512-/BSlSR8OoG7abieDC2jgvAZJeOo9Dlh6j1lTqoZOIFHmmbKICPwAsQXb9VW2e8Gr3uqLem4ZDALA3cSW3zIz/g=="],

    "@typescript/native-preview-win32-x64": ["@typescript/native-preview-win32-x64@7.0.0-dev.20260204.1", "", { "os": "win32", "cpu": "x64" }, "sha512-rPVJt2AsPTn4cp7C1HbAg3vs+L+JYCGxeKQN1sE6j5k9qGM536K8XvVUHKumhL8BxrhidV7FPGSsQO/zSpboug=="],

    "@vscode/l10n": ["@vscode/l10n@0.0.18", "", {}, "sha512-KYSIHVmslkaCDyw013pphY+d7x1qV8IZupYfeIfzNA+nsaWHbn5uPuQRvdRFsa9zFzGeudPuoGoZ1Op4jrJXIQ=="],

    "@vtsls/language-server": ["@vtsls/language-server@0.3.0", "", { "dependencies": { "@vtsls/language-service": "0.3.0", "vscode-languageserver": "^9.0.1", "vscode-uri": "^3.1.0" }, "bin": { "vtsls": "bin/vtsls.js" } }, "sha512-EYTkCHNGz3MFSP7z0DZ5+WBQY5CWEH7bCUu53EaDloBTjghoi2vfZqSrS0+7WsRG03MhBhjGG9ifNee/2kixvQ=="],

    "@vtsls/language-service": ["@vtsls/language-service@0.3.0", "", { "dependencies": { "@vscode/l10n": "^0.0.18", "@vtsls/vscode-fuzzy": "0.1.0", "jsonc-parser": "^3.2.0", "semver": "7.5.2", "typescript": "5.9.3", "vscode-languageserver-protocol": "^3.17.5", "vscode-languageserver-textdocument": "^1.0.12", "vscode-uri": "^3.1.0" } }, "sha512-u2Z5oY64953CvG1SdI6Zimlbnaqj7OT/sj9zcw/gr/f6pl3e0ryh8lsa376MeC9T/SW7q+Aw0YMyUZIIIZOyng=="],

    "@vtsls/vscode-fuzzy": ["@vtsls/vscode-fuzzy@0.1.0", "", {}, "sha512-jpJ6pFyi152BZ65j1D7otCf1YA9xaMqXV6nn2MOF8BNx0mkwIp2lTj26xvGk/mvEtiVvsGN3vMiBNXMxcv6bIA=="],

    "ajv": ["ajv@8.17.1", "", { "dependencies": { "fast-deep-equal": "^3.1.3", "fast-uri": "^3.0.1", "json-schema-traverse": "^1.0.0", "require-from-string": "^2.0.2" } }, "sha512-B/gBuNg5SiMTrPkC+A2+cW0RszwxYmn6VYxB/inlBStS5nx6xHIt/ehKRhIMhqusl7a8LjQoZnjCs5vhwxOQ1g=="],

    "ajv-draft-04": ["ajv-draft-04@1.0.0", "", { "peerDependencies": { "ajv": "^8.5.0" }, "optionalPeers": ["ajv"] }, "sha512-mv00Te6nmYbRp5DCwclxtt7yV/joXJPGS7nM+97GdxvuttCOfgI3K4U25zboyeX0O+myI8ERluxQe5wljMmVIw=="],

    "boolbase": ["boolbase@1.0.0", "", {}, "sha512-JZOSA7Mo9sNGB8+UjSgzdLtokWAky1zbztM3WRLCbZ70/3cTANmQmOdR7y2g+J0e2WXywy1yS468tY+IruqEww=="],

    "core-js": ["core-js@3.46.0", "", {}, "sha512-vDMm9B0xnqqZ8uSBpZ8sNtRtOdmfShrvT6h2TuQGLs0Is+cR0DYbj/KWP6ALVNbWPpqA/qPLoOuppJN07humpA=="],

    "css-select": ["css-select@5.2.2", "", { "dependencies": { "boolbase": "^1.0.0", "css-what": "^6.1.0", "domhandler": "^5.0.2", "domutils": "^3.0.1", "nth-check": "^2.0.1" } }, "sha512-TizTzUddG/xYLA3NXodFM0fSbNizXjOKhqiQQwvhlspadZokn1KDy0NZFS0wuEubIYAV5/c1/lAr0TaaFXEXzw=="],

    "css-what": ["css-what@6.2.2", "", {}, "sha512-u/O3vwbptzhMs3L1fQE82ZSLHQQfto5gyZzwteVIEyeaY5Fc7R4dapF/BvRoSYFeqfBk4m0V1Vafq5Pjv25wvA=="],

    "dom-serializer": ["dom-serializer@2.0.0", "", { "dependencies": { "domelementtype": "^2.3.0", "domhandler": "^5.0.2", "entities": "^4.2.0" } }, "sha512-wIkAryiqt/nV5EQKqQpo3SToSOV9J0DnbJqwK7Wv/Trc92zIAYZ4FlMu+JPFW1DfGFt81ZTCGgDEabffXeLyJg=="],

    "domelementtype": ["domelementtype@2.3.0", "", {}, "sha512-OLETBj6w0OsagBwdXnPdN0cnMfF9opN69co+7ZrbfPGrdpPVNBUj02spi6B1N7wChLQiPn4CSH/zJvXw56gmHw=="],

    "domhandler": ["domhandler@5.0.3", "", { "dependencies": { "domelementtype": "^2.3.0" } }, "sha512-cgwlv/1iFQiFnU96XXgROh8xTeetsnJiDsTc7TYCLFd9+/WNkIqPTxiM/8pSd8VIrhXGTf1Ny1q1hquVqDJB5w=="],

    "domutils": ["domutils@3.2.2", "", { "dependencies": { "dom-serializer": "^2.0.0", "domelementtype": "^2.3.0", "domhandler": "^5.0.3" } }, "sha512-6kZKyUajlDuqlHKVX1w7gyslj9MPIXzIFiz/rGu35uC1wMi+kMhQwGhl4lt9unC9Vb9INnY9Z3/ZA3+FhASLaw=="],

    "entities": ["entities@4.5.0", "", {}, "sha512-V0hjH4dGPh9Ao5p0MoRY6BVqtwCjhz6vI5LT8AJ55H+4g9/4vbHx1I54fS0XuclLhDHArPQCiMjDxjaL8fPxhw=="],

    "fast-deep-equal": ["fast-deep-equal@3.1.3", "", {}, "sha512-f3qQ9oQy9j2AhBe/H9VC91wLmKBCCU/gDOnKNAYG5hswO7BLKj09Hc5HYNz9cGI++xlpDCIgDaitVs03ATR84Q=="],

    "fast-uri": ["fast-uri@3.1.0", "", {}, "sha512-iPeeDKJSWf4IEOasVVrknXpaBV0IApz/gp7S2bb7Z4Lljbl2MGJRqInZiUrQwV16cpzw/D3S5j5Julj/gT52AA=="],

    "he": ["he@1.2.0", "", { "bin": { "he": "bin/he" } }, "sha512-F/1DnUGPopORZi0ni+CvrCgHQ5FyEAHRLSApuYWMmrbSwoN2Mn/7k+Gl38gJnR7yyDZk6WLXwiGod1JOWNDKGw=="],

    "json-schema-traverse": ["json-schema-traverse@1.0.0", "", {}, "sha512-NM8/P9n3XjXhIZn1lLhkFaACTOURQXjWhV4BA/RnOv8xvgqtqpAX9IO4mRQxSx1Rlo4tqzeqb0sOlruaOy3dug=="],

    "jsonc-parser": ["jsonc-parser@3.3.1", "", {}, "sha512-HUgH65KyejrUFPvHFPbqOY0rsFip3Bo5wb4ngvdi1EpCYWUQDC5V+Y7mZws+DLkr4M//zQJoanu1SP+87Dv1oQ=="],

    "lodash": ["lodash@4.17.21", "", {}, "sha512-v2kDEe57lecTulaDIuNTPy3Ry4gLGJ6Z1O3vE1krgXZNrsQ+LFTGHVxVjcXPs17LhbZVGedAJv8XZ1tvj5FvSg=="],

    "lru-cache": ["lru-cache@6.0.0", "", { "dependencies": { "yallist": "^4.0.0" } }, "sha512-Jo6dJ04CmSjuznwJSS3pUeWmd/H0ffTlkXXgwZi+eq1UCmqQwCh+eLsYOYCwY991i2Fah4h1BEMCx4qThGbsiA=="],

    "node-html-parser": ["node-html-parser@6.1.13", "", { "dependencies": { "css-select": "^5.1.0", "he": "1.2.0" } }, "sha512-qIsTMOY4C/dAa5Q5vsobRpOOvPfC4pB61UVW2uSwZNUp0QU/jCekTal1vMmbO0DgdHeLUJpv/ARmDqErVxA3Sg=="],

    "nth-check": ["nth-check@2.1.1", "", { "dependencies": { "boolbase": "^1.0.0" } }, "sha512-lqjrjmaOoAnWfMmBPL+XNnynZh2+swxiX3WUE0s4yEHI6m+AwrK2UZOimIRl3X/4QctVqS8AiZjFqyOGrMXb/w=="],

    "picomatch": ["picomatch@2.3.1", "", {}, "sha512-JU3teHTNjmE2VCGFzuY8EXzCDVwEqB2a8fsIvwaStHhAWJEeVd1o1QD80CU6+ZdEXXSLbSsuLwJjkCBWqRQUVA=="],

    "prettier": ["prettier@3.6.2", "", { "bin": { "prettier": "bin/prettier.cjs" } }, "sha512-I7AIg5boAr5R0FFtJ6rCfD+LFsWHp81dolrFD8S79U9tb8Az2nGrJncnMSnys+bpQJfRUzqs9hnA81OAA3hCuQ=="],

    "regenerator-runtime": ["regenerator-runtime@0.13.11", "", {}, "sha512-kY1AZVr2Ra+t+piVaJ4gxaFaReZVH40AKNo7UCX6W+dEwBo/2oZJzqfuN1qLq1oL45o56cPaTXELwrTh8Fpggg=="],

    "request-light": ["request-light@0.7.0", "", {}, "sha512-lMbBMrDoxgsyO+yB3sDcrDuX85yYt7sS8BfQd11jtbW/z5ZWgLZRcEGLsLoYw7I0WSUGQBs8CC8ScIxkTX1+6Q=="],

    "require-from-string": ["require-from-string@2.0.2", "", {}, "sha512-Xf0nWe6RseziFMu+Ap9biiUbmplq6S9/p+7w7YXP/JBHhrUDDUhwa+vANyubuqfZWTveU//DYVGsDG7RKL/vEw=="],

    "semver": ["semver@7.7.3", "", { "bin": { "semver": "bin/semver.js" } }, "sha512-SdsKMrI9TdgjdweUSR9MweHA4EJ8YxHn8DFaDisvhVlUOe4BF1tLD7GAj0lIqWVl+dPb/rExr0Btby5loQm20Q=="],

    "typescript": ["typescript@4.9.5", "", { "bin": { "tsc": "bin/tsc", "tsserver": "bin/tsserver" } }, "sha512-1FXk9E2Hm+QzZQ7z+McJiHL4NW1F2EzMu9Nq9i3zAaGqibafqYwCVU6WyWAuyQRRzOlxou8xZSyXLEN8oKj24g=="],

    "vscode-css-languageservice": ["vscode-css-languageservice@6.3.8", "", { "dependencies": { "@vscode/l10n": "^0.0.18", "vscode-languageserver-textdocument": "^1.0.12", "vscode-languageserver-types": "3.17.5", "vscode-uri": "^3.1.0" } }, "sha512-dBk/9ullEjIMbfSYAohGpDOisOVU1x2MQHOeU12ohGJQI7+r0PCimBwaa/pWpxl/vH4f7ibrBfxIZY3anGmHKQ=="],

    "vscode-html-languageservice": ["vscode-html-languageservice@5.5.2", "", { "dependencies": { "@vscode/l10n": "^0.0.18", "vscode-languageserver-textdocument": "^1.0.12", "vscode-languageserver-types": "^3.17.5", "vscode-uri": "^3.1.0" } }, "sha512-QpaUhCjvb7U/qThOzo4V6grwsRE62Jk/vf8BRJZoABlMw3oplLB5uovrvcrLO9vYhkeMiSjyqLnCxbfHzzZqmw=="],

    "vscode-json-languageservice": ["vscode-json-languageservice@5.6.2", "", { "dependencies": { "@vscode/l10n": "^0.0.18", "jsonc-parser": "^3.3.1", "vscode-languageserver-textdocument": "^1.0.12", "vscode-languageserver-types": "^3.17.5", "vscode-uri": "^3.1.0" } }, "sha512-miojUH15R/yKxgWkAw1zofv2LDn3Hv3nqIBK+11nGgvdieVClf6ZWOqybPeROruAAMOtX9R6hPptuWYzj3q9NA=="],

    "vscode-jsonrpc": ["vscode-jsonrpc@8.2.0", "", {}, "sha512-C+r0eKJUIfiDIfwJhria30+TYWPtuHJXHtI7J0YlOmKAo7ogxP20T0zxB7HZQIFhIyvoBPwWskjxrvAtfjyZfA=="],

    "vscode-langservers-extracted": ["vscode-langservers-extracted@4.10.0", "", { "dependencies": { "@vscode/l10n": "^0.0.18", "core-js": "^3.20.1", "jsonc-parser": "^3.2.1", "regenerator-runtime": "^0.13.9", "request-light": "^0.7.0", "semver": "^7.6.1", "typescript": "^4.0.5", "vscode-css-languageservice": "^6.2.14", "vscode-html-languageservice": "^5.2.0", "vscode-json-languageservice": "^5.3.11", "vscode-languageserver": "^10.0.0-next.3", "vscode-languageserver-textdocument": "^1.0.11", "vscode-languageserver-types": "^3.17.5", "vscode-markdown-languageservice": "^0.5.0-alpha.6", "vscode-nls": "^5.2.0", "vscode-uri": "^3.0.8" }, "bin": { "vscode-css-language-server": "bin/vscode-css-language-server", "vscode-eslint-language-server": "bin/vscode-eslint-language-server", "vscode-html-language-server": "bin/vscode-html-language-server", "vscode-json-language-server": "bin/vscode-json-language-server", "vscode-markdown-language-server": "bin/vscode-markdown-language-server" } }, "sha512-EFf9uQI4dAKbzMQFjDvVm1xJq1DXAQvBEuEfPGrK/xzfsL5xWTfIuRr90NgfmqwO+IEt6vLZm9EOj6R66xIifg=="],

    "vscode-languageserver": ["vscode-languageserver@9.0.1", "", { "dependencies": { "vscode-languageserver-protocol": "3.17.5" }, "bin": { "installServerIntoExtension": "bin/installServerIntoExtension" } }, "sha512-woByF3PDpkHFUreUa7Hos7+pUWdeWMXRd26+ZX2A8cFx6v/JPTtd4/uN0/jB6XQHYaOlHbio03NTHCqrgG5n7g=="],

    "vscode-languageserver-protocol": ["vscode-languageserver-protocol@3.17.5", "", { "dependencies": { "vscode-jsonrpc": "8.2.0", "vscode-languageserver-types": "3.17.5" } }, "sha512-mb1bvRJN8SVznADSGWM9u/b07H7Ecg0I3OgXDuLdn307rl/J3A9YD6/eYOssqhecL27hK1IPZAsaqh00i/Jljg=="],

    "vscode-languageserver-textdocument": ["vscode-languageserver-textdocument@1.0.12", "", {}, "sha512-cxWNPesCnQCcMPeenjKKsOCKQZ/L6Tv19DTRIGuLWe32lyzWhihGVJ/rcckZXJxfdKCFvRLS3fpBIsV/ZGX4zA=="],

    "vscode-languageserver-types": ["vscode-languageserver-types@3.17.5", "", {}, "sha512-Ld1VelNuX9pdF39h2Hgaeb5hEZM2Z3jUrrMgWQAu82jMtZp7p3vJT3BzToKtZI7NgQssZje5o0zryOrhQvzQAg=="],

    "vscode-markdown-languageservice": ["vscode-markdown-languageservice@0.5.0-alpha.11", "", { "dependencies": { "@vscode/l10n": "^0.0.10", "node-html-parser": "^6.1.5", "picomatch": "^2.3.1", "vscode-languageserver-protocol": "^3.17.1", "vscode-languageserver-textdocument": "^1.0.11", "vscode-uri": "^3.0.7" } }, "sha512-P1uBMAD5iylgpcweWCU1kQwk8SZngktnljXsZk1vFPorXv1mrEI7BkBpOUU0fhVssKgvFlCNLkI7KmwZLC7pdA=="],

    "vscode-nls": ["vscode-nls@5.2.0", "", {}, "sha512-RAaHx7B14ZU04EU31pT+rKz2/zSl7xMsfIZuo8pd+KZO6PXtQmpevpq3vxvWNcrGbdmhM/rr5Uw5Mz+NBfhVng=="],

    "vscode-uri": ["vscode-uri@3.1.0", "", {}, "sha512-/BpdSx+yCQGnCvecbyXdxHDkuk55/G3xwnC0GqY4gmQ3j+A+g8kzzgB4Nk/SINjqn6+waqw3EgbVF2QKExkRxQ=="],

    "yallist": ["yallist@4.0.0", "", {}, "sha512-3wdGidZyq5PB084XLES5TpOSRA3wjXAlIWMhum2kRcv/41Sn2emQ0dycQW4uZXLejwKvg6EsvbdlVL+FYEct7A=="],

    "yaml": ["yaml@2.7.1", "", { "bin": { "yaml": "bin.mjs" } }, "sha512-10ULxpnOCQXxJvBgxsn9ptjq6uviG/htZKk9veJGhlqn3w/DxQ631zFF+nlQXLwmImeS5amR2dl2U8sg6U9jsQ=="],

    "yaml-language-server": ["yaml-language-server@1.19.2", "", { "dependencies": { "@vscode/l10n": "^0.0.18", "ajv": "^8.17.1", "ajv-draft-04": "^1.0.0", "lodash": "4.17.21", "prettier": "^3.5.0", "request-light": "^0.5.7", "vscode-json-languageservice": "4.1.8", "vscode-languageserver": "^9.0.0", "vscode-languageserver-textdocument": "^1.0.1", "vscode-languageserver-types": "^3.16.0", "vscode-uri": "^3.0.2", "yaml": "2.7.1" }, "bin": { "yaml-language-server": "bin/yaml-language-server" } }, "sha512-9F3myNmJzUN/679jycdMxqtydPSDRAarSj3wPiF7pchEPnO9Dg07Oc+gIYLqXR4L+g+FSEVXXv2+mr54StLFOg=="],

    "@vtsls/language-service/semver": ["semver@7.5.2", "", { "dependencies": { "lru-cache": "^6.0.0" }, "bin": { "semver": "bin/semver.js" } }, "sha512-SoftuTROv/cRjCze/scjGyiDtcUyxw1rgYQSZY7XTmtR5hX+dm76iDbTH8TkLPHCQmlbQVSSbNZCPM2hb0knnQ=="],

    "@vtsls/language-service/typescript": ["typescript@5.9.3", "", { "bin": { "tsc": "bin/tsc", "tsserver": "bin/tsserver" } }, "sha512-jl1vZzPDinLr9eUt3J/t7V6FgNEw9QjvBPdysz9KfQDD41fQrC2Y4vKQdiaUpFT4bXlb1RHhLpp8wtm6M5TgSw=="],

    "vscode-langservers-extracted/vscode-languageserver": ["vscode-languageserver@10.0.0-next.14", "", { "dependencies": { "vscode-languageserver-protocol": "3.17.6-next.14" }, "bin": { "installServerIntoExtension": "bin/installServerIntoExtension" } }, "sha512-1TqBDfRLlAIPs6MR5ISI8z7sWlvGL3oHGm9GAHLNOmBZ2+9pmw0yR9vB44/SYuU4bSizxU24tXDFW+rw9jek4A=="],

    "vscode-markdown-languageservice/@vscode/l10n": ["@vscode/l10n@0.0.10", "", {}, "sha512-E1OCmDcDWa0Ya7vtSjp/XfHFGqYJfh+YPC1RkATU71fTac+j1JjCcB3qwSzmlKAighx2WxhLlfhS0RwAN++PFQ=="],

    "yaml-language-server/request-light": ["request-light@0.5.8", "", {}, "sha512-3Zjgh+8b5fhRJBQZoy+zbVKpAQGLyka0MPgW3zruTF4dFFJ8Fqcfu9YsAvi/rvdcaTeWG3MkbZv4WKxAn/84Lg=="],

    "yaml-language-server/vscode-json-languageservice": ["vscode-json-languageservice@4.1.8", "", { "dependencies": { "jsonc-parser": "^3.0.0", "vscode-languageserver-textdocument": "^1.0.1", "vscode-languageserver-types": "^3.16.0", "vscode-nls": "^5.0.0", "vscode-uri": "^3.0.2" } }, "sha512-0vSpg6Xd9hfV+eZAaYN63xVVMOTmJ4GgHxXnkLCh+9RsQBkWKIghzLhW2B9ebfG+LQQg8uLtsQ2aUKjTgE+QOg=="],

    "vscode-langservers-extracted/vscode-languageserver/vscode-languageserver-protocol": ["vscode-languageserver-protocol@3.17.6-next.14", "", { "dependencies": { "vscode-jsonrpc": "9.0.0-next.9", "vscode-languageserver-types": "3.17.6-next.6" } }, "sha512-0VD83wxN5kI9vgeaIDQnAxgrbZfKiFNIxdFY5LKe3SZdZd+LAJLMrklSrwfefS7hEzaHw6Z++VFdVJJU+gh1Zg=="],

    "vscode-langservers-extracted/vscode-languageserver/vscode-languageserver-protocol/vscode-jsonrpc": ["vscode-jsonrpc@9.0.0-next.9", "", {}, "sha512-IM/RHL7ZklEUh1N2Rh4OjRL6D9MyIXq3v+zIkPLXq74hM1eW7WRLP0/cjzNu/baRFC00sFxJm95RBKsT8dXzRQ=="],

    "vscode-langservers-extracted/vscode-languageserver/vscode-languageserver-protocol/vscode-languageserver-types": ["vscode-languageserver-types@3.17.6-next.6", "", {}, "sha512-aiJY5/yW+xzw7KPNlwi3gQtddq/3EIn5z8X8nCgJfaiAij2R1APKePngv+MUdLdYJBVTLu+Qa0ODsT+pHgYguQ=="],
  }
}
